
Microsoft Visual Studio Solution File, Format Version 12.00
# Visual Studio Version 16
VisualStudioVersion = 16.0.30621.155
MinimumVisualStudioVersion = 10.0.40219.1
Project("{8BC9CEB8-8B4A-11D0-8D11-00A0C91BC942}") = "AcceleratedRayTracerChallenge", "AcceleratedRayTracerChallenge\AcceleratedRayTracerChallenge.vcxproj", "{1F9301E5-33EE-44BF-BA5F-F6BC375CAC2A}"
EndProject
Global
	GlobalSection(SolutionConfigurationPlatforms) = preSolution
		Debug|x64 = Debug|x64
		Release|x64 = Release|x64
	EndGlobalSection
	GlobalSection(ProjectConfigurationPlatforms) = postSolution
		{1F9301E5-33EE-44BF-BA5F-F6BC375CAC2A}.Debug|x64.ActiveCfg = Debug|x64
		{1F9301E5-33EE-44BF-BA5F-F6BC375CAC2A}.Debug|x64.Build.0 = Debug|x64
		{1F9301E5-33EE-44BF-BA5F-F6BC375CAC2A}.Release|x64.ActiveCfg = Release|x64
		{1F9301E5-33EE-44BF-BA5F-F6BC375CAC2A}.Release|x64.Build.0 = Release|x64
	EndGlobalSection
	GlobalSection(SolutionProperties) = preSolution
		HideSolutionNode = FALSE
	EndGlobalSection
	GlobalSection(ExtensibilityGlobals) = postSolution
		SolutionGuid = {B96BA073-8192-45A9-BF20-3D5AE46E8CB1}
	EndGlobalSection
EndGlobal
